
Microsoft Visual Studio Solution File, Format Version 12.00
Project("{FAE04EC0-301F-11D3-BF4B-00C04F79EFBC}") = "mktsystem", "mktsystem\mktsystem.csproj", "{F2D17358-9106-4AC3-83C6-48D7672FACE1}"
EndProject
Project("{FAE04EC0-301F-11D3-BF4B-00C04F79EFBC}") = "mktsystem.application", "mktsystem.application\mktsystem.application.csproj", "{4ECC19EF-B486-4BE6-8712-937C7665497D}"
EndProject
Project("{FAE04EC0-301F-11D3-BF4B-00C04F79EFBC}") = "mktsystem.domain", "mktsystem.domain\mktsystem.domain.csproj", "{DBC13876-FA22-45FC-8B15-CCC9643AC8AC}"
EndProject
Project("{FAE04EC0-301F-11D3-BF4B-00C04F79EFBC}") = "mktsystem.infrastructure", "mktsystem.infrastructure\mktsystem.infrastructure.csproj", "{286FE19E-D7CE-4227-9F47-CB0A96509C46}"
EndProject
Global
	GlobalSection(SolutionConfigurationPlatforms) = preSolution
		Debug|Any CPU = Debug|Any CPU
		Release|Any CPU = Release|Any CPU
	EndGlobalSection
	GlobalSection(ProjectConfigurationPlatforms) = postSolution
		{F2D17358-9106-4AC3-83C6-48D7672FACE1}.Debug|Any CPU.ActiveCfg = Debug|Any CPU
		{F2D17358-9106-4AC3-83C6-48D7672FACE1}.Debug|Any CPU.Build.0 = Debug|Any CPU
		{F2D17358-9106-4AC3-83C6-48D7672FACE1}.Release|Any CPU.ActiveCfg = Release|Any CPU
		{F2D17358-9106-4AC3-83C6-48D7672FACE1}.Release|Any CPU.Build.0 = Release|Any CPU
		{4ECC19EF-B486-4BE6-8712-937C7665497D}.Debug|Any CPU.ActiveCfg = Debug|Any CPU
		{4ECC19EF-B486-4BE6-8712-937C7665497D}.Debug|Any CPU.Build.0 = Debug|Any CPU
		{4ECC19EF-B486-4BE6-8712-937C7665497D}.Release|Any CPU.ActiveCfg = Release|Any CPU
		{4ECC19EF-B486-4BE6-8712-937C7665497D}.Release|Any CPU.Build.0 = Release|Any CPU
		{DBC13876-FA22-45FC-8B15-CCC9643AC8AC}.Debug|Any CPU.ActiveCfg = Debug|Any CPU
		{DBC13876-FA22-45FC-8B15-CCC9643AC8AC}.Debug|Any CPU.Build.0 = Debug|Any CPU
		{DBC13876-FA22-45FC-8B15-CCC9643AC8AC}.Release|Any CPU.ActiveCfg = Release|Any CPU
		{DBC13876-FA22-45FC-8B15-CCC9643AC8AC}.Release|Any CPU.Build.0 = Release|Any CPU
		{286FE19E-D7CE-4227-9F47-CB0A96509C46}.Debug|Any CPU.ActiveCfg = Debug|Any CPU
		{286FE19E-D7CE-4227-9F47-CB0A96509C46}.Debug|Any CPU.Build.0 = Debug|Any CPU
		{286FE19E-D7CE-4227-9F47-CB0A96509C46}.Release|Any CPU.ActiveCfg = Release|Any CPU
		{286FE19E-D7CE-4227-9F47-CB0A96509C46}.Release|Any CPU.Build.0 = Release|Any CPU
	EndGlobalSection
EndGlobal
